// !$*UTF8*$!
{
	archiveVersion = 1;
	classes = {
	};
	objectVersion = 56;
	objects = {

/* Begin PBXBuildFile section */
		643AAEF42A024D5B00504AC8 /* AppDelegate.swift in Sources */ = {isa = PBXBuildFile; fileRef = 643AAEF32A024D5B00504AC8 /* AppDelegate.swift */; };
		643AAEF62A024D5B00504AC8 /* SceneDelegate.swift in Sources */ = {isa = PBXBuildFile; fileRef = 643AAEF52A024D5B00504AC8 /* SceneDelegate.swift */; };
		643AAEF82A024D5B00504AC8 /* ViewController.swift in Sources */ = {isa = PBXBuildFile; fileRef = 643AAEF72A024D5B00504AC8 /* ViewController.swift */; };
		643AAEFB2A024D5B00504AC8 /* Main.storyboard in Resources */ = {isa = PBXBuildFile; fileRef = 643AAEF92A024D5B00504AC8 /* Main.storyboard */; };
		643AAEFD2A024D5D00504AC8 /* Assets.xcassets in Resources */ = {isa = PBXBuildFile; fileRef = 643AAEFC2A024D5D00504AC8 /* Assets.xcassets */; };
		643AAF002A024D5D00504AC8 /* LaunchScreen.storyboard in Resources */ = {isa = PBXBuildFile; fileRef = 643AAEFE2A024D5D00504AC8 /* LaunchScreen.storyboard */; };
		643AAF0B2A024E8000504AC8 /* word_blank.png in Resources */ = {isa = PBXBuildFile; fileRef = 643AAF082A024E8000504AC8 /* word_blank.png */; };
		643AAF0C2A024E8000504AC8 /* fin.png in Resources */ = {isa = PBXBuildFile; fileRef = 643AAF092A024E8000504AC8 /* fin.png */; };
		643AAF0D2A024E8000504AC8 /* title_logo.png in Resources */ = {isa = PBXBuildFile; fileRef = 643AAF0A2A024E8000504AC8 /* title_logo.png */; };
		643AAF0F2A0252FB00504AC8 /* QuestionViewController.swift in Sources */ = {isa = PBXBuildFile; fileRef = 643AAF0E2A0252FB00504AC8 /* QuestionViewController.swift */; };
		643AAF112A02534F00504AC8 /* FinishViewController.swift in Sources */ = {isa = PBXBuildFile; fileRef = 643AAF102A02534F00504AC8 /* FinishViewController.swift */; };
		643AAF152A02537C00504AC8 /* AddViewController.swift in Sources */ = {isa = PBXBuildFile; fileRef = 643AAF142A02537C00504AC8 /* AddViewController.swift */; };
		643AAF172A0254B100504AC8 /* ListTableViewController.swift in Sources */ = {isa = PBXBuildFile; fileRef = 643AAF162A0254B100504AC8 /* ListTableViewController.swift */; };
		643AAF1A2A025EB600504AC8 /* ListTableViewCell.swift in Sources */ = {isa = PBXBuildFile; fileRef = 643AAF182A025EB600504AC8 /* ListTableViewCell.swift */; };
		643AAF1B2A025EB600504AC8 /* ListTableViewCell.xib in Resources */ = {isa = PBXBuildFile; fileRef = 643AAF192A025EB600504AC8 /* ListTableViewCell.xib */; };
/* End PBXBuildFile section */

/* Begin PBXFileReference section */
		643AAEF02A024D5B00504AC8 /* WordList.app */ = {isa = PBXFileReference; explicitFileType = wrapper.application; includeInIndex = 0; path = WordList.app; sourceTree = BUILT_PRODUCTS_DIR; };
		643AAEF32A024D5B00504AC8 /* AppDelegate.swift */ = {isa = PBXFileReference; lastKnownFileType = sourcecode.swift; path = AppDelegate.swift; sourceTree = "<group>"; };
		643AAEF52A024D5B00504AC8 /* SceneDelegate.swift */ = {isa = PBXFileReference; lastKnownFileType = sourcecode.swift; path = SceneDelegate.swift; sourceTree = "<group>"; };
		643AAEF72A024D5B00504AC8 /* ViewController.swift */ = {isa = PBXFileReference; lastKnownFileType = sourcecode.swift; path = ViewController.swift; sourceTree = "<group>"; };
		643AAEFA2A024D5B00504AC8 /* Base */ = {isa = PBXFileReference; lastKnownFileType = file.storyboard; name = Base; path = Base.lproj/Main.storyboard; sourceTree = "<group>"; };
		643AAEFC2A024D5D00504AC8 /* Assets.xcassets */ = {isa = PBXFileReference; lastKnownFileType = folder.assetcatalog; path = Assets.xcassets; sourceTree = "<group>"; };
		643AAEFF2A024D5D00504AC8 /* Base */ = {isa = PBXFileReference; lastKnownFileType = file.storyboard; name = Base; path = Base.lproj/LaunchScreen.storyboard; sourceTree = "<group>"; };
		643AAF012A024D5D00504AC8 /* Info.plist */ = {isa = PBXFileReference; lastKnownFileType = text.plist.xml; path = Info.plist; sourceTree = "<group>"; };
		643AAF082A024E8000504AC8 /* word_blank.png */ = {isa = PBXFileReference; lastKnownFileType = image.png; path = word_blank.png; sourceTree = "<group>"; };
		643AAF092A024E8000504AC8 /* fin.png */ = {isa = PBXFileReference; lastKnownFileType = image.png; path = fin.png; sourceTree = "<group>"; };
		643AAF0A2A024E8000504AC8 /* title_logo.png */ = {isa = PBXFileReference; lastKnownFileType = image.png; path = title_logo.png; sourceTree = "<group>"; };
		643AAF0E2A0252FB00504AC8 /* QuestionViewController.swift */ = {isa = PBXFileReference; lastKnownFileType = sourcecode.swift; path = QuestionViewController.swift; sourceTree = "<group>"; };
		643AAF102A02534F00504AC8 /* FinishViewController.swift */ = {isa = PBXFileReference; lastKnownFileType = sourcecode.swift; path = FinishViewController.swift; sourceTree = "<group>"; };
		643AAF142A02537C00504AC8 /* AddViewController.swift */ = {isa = PBXFileReference; lastKnownFileType = sourcecode.swift; path = AddViewController.swift; sourceTree = "<group>"; };
		643AAF162A0254B100504AC8 /* ListTableViewController.swift */ = {isa = PBXFileReference; lastKnownFileType = sourcecode.swift; path = ListTableViewController.swift; sourceTree = "<group>"; };
		643AAF182A025EB600504AC8 /* ListTableViewCell.swift */ = {isa = PBXFileReference; lastKnownFileType = sourcecode.swift; path = ListTableViewCell.swift; sourceTree = "<group>"; };
		643AAF192A025EB600504AC8 /* ListTableViewCell.xib */ = {isa = PBXFileReference; lastKnownFileType = file.xib; path = ListTableViewCell.xib; sourceTree = "<group>"; };
/* End PBXFileReference section */

/* Begin PBXFrameworksBuildPhase section */
		643AAEED2A024D5B00504AC8 /* Frameworks */ = {
			isa = PBXFrameworksBuildPhase;
			buildActionMask = 2147483647;
			files = (
			);
			runOnlyForDeploymentPostprocessing = 0;
		};
/* End PBXFrameworksBuildPhase section */

/* Begin PBXGroup section */
		643AAEE72A024D5B00504AC8 = {
			isa = PBXGroup;
			children = (
				643AAEF22A024D5B00504AC8 /* WordList */,
				643AAEF12A024D5B00504AC8 /* Products */,
			);
			sourceTree = "<group>";
		};
		643AAEF12A024D5B00504AC8 /* Products */ = {
			isa = PBXGroup;
			children = (
				643AAEF02A024D5B00504AC8 /* WordList.app */,
			);
			name = Products;
			sourceTree = "<group>";
		};
		643AAEF22A024D5B00504AC8 /* WordList */ = {
			isa = PBXGroup;
			children = (
				643AAEF32A024D5B00504AC8 /* AppDelegate.swift */,
				643AAEF52A024D5B00504AC8 /* SceneDelegate.swift */,
				643AAEF72A024D5B00504AC8 /* ViewController.swift */,
				643AAEF92A024D5B00504AC8 /* Main.storyboard */,
				643AAEFC2A024D5D00504AC8 /* Assets.xcassets */,
				643AAEFE2A024D5D00504AC8 /* LaunchScreen.storyboard */,
				643AAF012A024D5D00504AC8 /* Info.plist */,
				643AAF072A024E8000504AC8 /* WordList素材 */,
				643AAF0E2A0252FB00504AC8 /* QuestionViewController.swift */,
				643AAF102A02534F00504AC8 /* FinishViewController.swift */,
				643AAF142A02537C00504AC8 /* AddViewController.swift */,
				643AAF162A0254B100504AC8 /* ListTableViewController.swift */,
				643AAF182A025EB600504AC8 /* ListTableViewCell.swift */,
				643AAF192A025EB600504AC8 /* ListTableViewCell.xib */,
			);
			path = WordList;
			sourceTree = "<group>";
		};
		643AAF072A024E8000504AC8 /* WordList素材 */ = {
			isa = PBXGroup;
			children = (
				643AAF082A024E8000504AC8 /* word_blank.png */,
				643AAF092A024E8000504AC8 /* fin.png */,
				643AAF0A2A024E8000504AC8 /* title_logo.png */,
			);
			path = "WordList素材";
			sourceTree = "<group>";
		};
/* End PBXGroup section */

/* Begin PBXNativeTarget section */
		643AAEEF2A024D5B00504AC8 /* WordList */ = {
			isa = PBXNativeTarget;
			buildConfigurationList = 643AAF042A024D5D00504AC8 /* Build configuration list for PBXNativeTarget "WordList" */;
			buildPhases = (
				643AAEEC2A024D5B00504AC8 /* Sources */,
				643AAEED2A024D5B00504AC8 /* Frameworks */,
				643AAEEE2A024D5B00504AC8 /* Resources */,
			);
			buildRules = (
			);
			dependencies = (
			);
			name = WordList;
			productName = WordList;
			productReference = 643AAEF02A024D5B00504AC8 /* WordList.app */;
			productType = "com.apple.product-type.application";
		};
/* End PBXNativeTarget section */

/* Begin PBXProject section */
		643AAEE82A024D5B00504AC8 /* Project object */ = {
			isa = PBXProject;
			attributes = {
				BuildIndependentTargetsInParallel = 1;
				LastSwiftUpdateCheck = 1430;
				LastUpgradeCheck = 1430;
				TargetAttributes = {
					643AAEEF2A024D5B00504AC8 = {
						CreatedOnToolsVersion = 14.3;
					};
				};
			};
			buildConfigurationList = 643AAEEB2A024D5B00504AC8 /* Build configuration list for PBXProject "WordList" */;
			compatibilityVersion = "Xcode 14.0";
			developmentRegion = en;
			hasScannedForEncodings = 0;
			knownRegions = (
				en,
				Base,
			);
			mainGroup = 643AAEE72A024D5B00504AC8;
			productRefGroup = 643AAEF12A024D5B00504AC8 /* Products */;
			projectDirPath = "";
			projectRoot = "";
			targets = (
				643AAEEF2A024D5B00504AC8 /* WordList */,
			);
		};
/* End PBXProject section */

/* Begin PBXResourcesBuildPhase section */
		643AAEEE2A024D5B00504AC8 /* Resources */ = {
			isa = PBXResourcesBuildPhase;
			buildActionMask = 2147483647;
			files = (
				643AAF0B2A024E8000504AC8 /* word_blank.png in Resources */,
				643AAF0D2A024E8000504AC8 /* title_logo.png in Resources */,
				643AAF002A024D5D00504AC8 /* LaunchScreen.storyboard in Resources */,
				643AAEFD2A024D5D00504AC8 /* Assets.xcassets in Resources */,
				643AAF0C2A024E8000504AC8 /* fin.png in Resources */,
				643AAEFB2A024D5B00504AC8 /* Main.storyboard in Resources */,
				643AAF1B2A025EB600504AC8 /* ListTableViewCell.xib in Resources */,
			);
			runOnlyForDeploymentPostprocessing = 0;
		};
/* End PBXResourcesBuildPhase section */

/* Begin PBXSourcesBuildPhase section */
		643AAEEC2A024D5B00504AC8 /* Sources */ = {
			isa = PBXSourcesBuildPhase;
			buildActionMask = 2147483647;
			files = (
				643AAF112A02534F00504AC8 /* FinishViewController.swift in Sources */,
				643AAF1A2A025EB600504AC8 /* ListTableViewCell.swift in Sources */,
				643AAEF82A024D5B00504AC8 /* ViewController.swift in Sources */,
				643AAF152A02537C00504AC8 /* AddViewController.swift in Sources */,
				643AAEF42A024D5B00504AC8 /* AppDelegate.swift in Sources */,
				643AAF0F2A0252FB00504AC8 /* QuestionViewController.swift in Sources */,
				643AAEF62A024D5B00504AC8 /* SceneDelegate.swift in Sources */,
				643AAF172A0254B100504AC8 /* ListTableViewController.swift in Sources */,
			);
			runOnlyForDeploymentPostprocessing = 0;
		};
/* End PBXSourcesBuildPhase section */

/* Begin PBXVariantGroup section */
		643AAEF92A024D5B00504AC8 /* Main.storyboard */ = {
			isa = PBXVariantGroup;
			children = (
				643AAEFA2A024D5B00504AC8 /* Base */,
			);
			name = Main.storyboard;
			sourceTree = "<group>";
		};
		643AAEFE2A024D5D00504AC8 /* LaunchScreen.storyboard */ = {
			isa = PBXVariantGroup;
			children = (
				643AAEFF2A024D5D00504AC8 /* Base */,
			);
			name = LaunchScreen.storyboard;
			sourceTree = "<group>";
		};
/* End PBXVariantGroup section */

/* Begin XCBuildConfiguration section */
		643AAF022A024D5D00504AC8 /* Debug */ = {
			isa = XCBuildConfiguration;
			buildSettings = {
				ALWAYS_SEARCH_USER_PATHS = NO;
				CLANG_ANALYZER_NONNULL = YES;
				CLANG_ANALYZER_NUMBER_OBJECT_CONVERSION = YES_AGGRESSIVE;
				CLANG_CXX_LANGUAGE_STANDARD = "gnu++20";
				CLANG_ENABLE_MODULES = YES;
				CLANG_ENABLE_OBJC_ARC = YES;
				CLANG_ENABLE_OBJC_WEAK = YES;
				CLANG_WARN_BLOCK_CAPTURE_AUTORELEASING = YES;
				CLANG_WARN_BOOL_CONVERSION = YES;
				CLANG_WARN_COMMA = YES;
				CLANG_WARN_CONSTANT_CONVERSION = YES;
				CLANG_WARN_DEPRECATED_OBJC_IMPLEMENTATIONS = YES;
				CLANG_WARN_DIRECT_OBJC_ISA_USAGE = YES_ERROR;
				CLANG_WARN_DOCUMENTATION_COMMENTS = YES;
				CLANG_WARN_EMPTY_BODY = YES;
				CLANG_WARN_ENUM_CONVERSION = YES;
				CLANG_WARN_INFINITE_RECURSION = YES;
				CLANG_WARN_INT_CONVERSION = YES;
				CLANG_WARN_NON_LITERAL_NULL_CONVERSION = YES;
				CLANG_WARN_OBJC_IMPLICIT_RETAIN_SELF = YES;
				CLANG_WARN_OBJC_LITERAL_CONVERSION = YES;
				CLANG_WARN_OBJC_ROOT_CLASS = YES_ERROR;
				CLANG_WARN_QUOTED_INCLUDE_IN_FRAMEWORK_HEADER = YES;
				CLANG_WARN_RANGE_LOOP_ANALYSIS = YES;
				CLANG_WARN_STRICT_PROTOTYPES = YES;
				CLANG_WARN_SUSPICIOUS_MOVE = YES;
				CLANG_WARN_UNGUARDED_AVAILABILITY = YES_AGGRESSIVE;
				CLANG_WARN_UNREACHABLE_CODE = YES;
				CLANG_WARN__DUPLICATE_METHOD_MATCH = YES;
				COPY_PHASE_STRIP = NO;
				DEBUG_INFORMATION_FORMAT = dwarf;
				ENABLE_STRICT_OBJC_MSGSEND = YES;
				ENABLE_TESTABILITY = YES;
				GCC_C_LANGUAGE_STANDARD = gnu11;
				GCC_DYNAMIC_NO_PIC = NO;
				GCC_NO_COMMON_BLOCKS = YES;
				GCC_OPTIMIZATION_LEVEL = 0;
				GCC_PREPROCESSOR_DEFINITIONS = (
					"DEBUG=1",
					"$(inherited)",
				);
				GCC_WARN_64_TO_32_BIT_CONVERSION = YES;
				GCC_WARN_ABOUT_RETURN_TYPE = YES_ERROR;
				GCC_WARN_UNDECLARED_SELECTOR = YES;
				GCC_WARN_UNINITIALIZED_AUTOS = YES_AGGRESSIVE;
				GCC_WARN_UNUSED_FUNCTION = YES;
				GCC_WARN_UNUSED_VARIABLE = YES;
				IPHONEOS_DEPLOYMENT_TARGET = 16.4;
				MTL_ENABLE_DEBUG_INFO = INCLUDE_SOURCE;
				MTL_FAST_MATH = YES;
				ONLY_ACTIVE_ARCH = YES;
				SDKROOT = iphoneos;
				SWIFT_ACTIVE_COMPILATION_CONDITIONS = DEBUG;
				SWIFT_OPTIMIZATION_LEVEL = "-Onone";
			};
			name = Debug;
		};
		643AAF032A024D5D00504AC8 /* Release */ = {
			isa = XCBuildConfiguration;
			buildSettings = {
				ALWAYS_SEARCH_USER_PATHS = NO;
				CLANG_ANALYZER_NONNULL = YES;
				CLANG_ANALYZER_NUMBER_OBJECT_CONVERSION = YES_AGGRESSIVE;
				CLANG_CXX_LANGUAGE_STANDARD = "gnu++20";
				CLANG_ENABLE_MODULES = YES;
				CLANG_ENABLE_OBJC_ARC = YES;
				CLANG_ENABLE_OBJC_WEAK = YES;
				CLANG_WARN_BLOCK_CAPTURE_AUTORELEASING = YES;
				CLANG_WARN_BOOL_CONVERSION = YES;
				CLANG_WARN_COMMA = YES;
				CLANG_WARN_CONSTANT_CONVERSION = YES;
				CLANG_WARN_DEPRECATED_OBJC_IMPLEMENTATIONS = YES;
				CLANG_WARN_DIRECT_OBJC_ISA_USAGE = YES_ERROR;
				CLANG_WARN_DOCUMENTATION_COMMENTS = YES;
				CLANG_WARN_EMPTY_BODY = YES;
				CLANG_WARN_ENUM_CONVERSION = YES;
				CLANG_WARN_INFINITE_RECURSION = YES;
				CLANG_WARN_INT_CONVERSION = YES;
				CLANG_WARN_NON_LITERAL_NULL_CONVERSION = YES;
				CLANG_WARN_OBJC_IMPLICIT_RETAIN_SELF = YES;
				CLANG_WARN_OBJC_LITERAL_CONVERSION = YES;
				CLANG_WARN_OBJC_ROOT_CLASS = YES_ERROR;
				CLANG_WARN_QUOTED_INCLUDE_IN_FRAMEWORK_HEADER = YES;
				CLANG_WARN_RANGE_LOOP_ANALYSIS = YES;
				CLANG_WARN_STRICT_PROTOTYPES = YES;
				CLANG_WARN_SUSPICIOUS_MOVE = YES;
				CLANG_WARN_UNGUARDED_AVAILABILITY = YES_AGGRESSIVE;
				CLANG_WARN_UNREACHABLE_CODE = YES;
				CLANG_WARN__DUPLICATE_METHOD_MATCH = YES;
				COPY_PHASE_STRIP = NO;
				DEBUG_INFORMATION_FORMAT = "dwarf-with-dsym";
				ENABLE_NS_ASSERTIONS = NO;
				ENABLE_STRICT_OBJC_MSGSEND = YES;
				GCC_C_LANGUAGE_STANDARD = gnu11;
				GCC_NO_COMMON_BLOCKS = YES;
				GCC_WARN_64_TO_32_BIT_CONVERSION = YES;
				GCC_WARN_ABOUT_RETURN_TYPE = YES_ERROR;
				GCC_WARN_UNDECLARED_SELECTOR = YES;
				GCC_WARN_UNINITIALIZED_AUTOS = YES_AGGRESSIVE;
				GCC_WARN_UNUSED_FUNCTION = YES;
				GCC_WARN_UNUSED_VARIABLE = YES;
				IPHONEOS_DEPLOYMENT_TARGET = 16.4;
				MTL_ENABLE_DEBUG_INFO = NO;
				MTL_FAST_MATH = YES;
				SDKROOT = iphoneos;
				SWIFT_COMPILATION_MODE = wholemodule;
				SWIFT_OPTIMIZATION_LEVEL = "-O";
				VALIDATE_PRODUCT = YES;
			};
			name = Release;
		};
		643AAF052A024D5D00504AC8 /* Debug */ = {
			isa = XCBuildConfiguration;
			buildSettings = {
				ASSETCATALOG_COMPILER_APPICON_NAME = AppIcon;
				ASSETCATALOG_COMPILER_GLOBAL_ACCENT_COLOR_NAME = AccentColor;
				CODE_SIGN_STYLE = Automatic;
				CURRENT_PROJECT_VERSION = 1;
				GENERATE_INFOPLIST_FILE = YES;
				INFOPLIST_FILE = WordList/Info.plist;
				INFOPLIST_KEY_UIApplicationSupportsIndirectInputEvents = YES;
				INFOPLIST_KEY_UILaunchStoryboardName = LaunchScreen;
				INFOPLIST_KEY_UIMainStoryboardFile = Main;
				INFOPLIST_KEY_UISupportedInterfaceOrientations_iPad = "UIInterfaceOrientationPortrait UIInterfaceOrientationPortraitUpsideDown UIInterfaceOrientationLandscapeLeft UIInterfaceOrientationLandscapeRight";
				INFOPLIST_KEY_UISupportedInterfaceOrientations_iPhone = "UIInterfaceOrientationPortrait UIInterfaceOrientationLandscapeLeft UIInterfaceOrientationLandscapeRight";
				LD_RUNPATH_SEARCH_PATHS = (
					"$(inherited)",
					"@executable_path/Frameworks",
				);
				MARKETING_VERSION = 1.0;
				PRODUCT_BUNDLE_IDENTIFIER = app.hamano.kemari.WordList;
				PRODUCT_NAME = "$(TARGET_NAME)";
				SWIFT_EMIT_LOC_STRINGS = YES;
				SWIFT_VERSION = 5.0;
				TARGETED_DEVICE_FAMILY = "1,2";
			};
			name = Debug;
		};
		643AAF062A024D5D00504AC8 /* Release */ = {
			isa = XCBuildConfiguration;
			buildSettings = {
				ASSETCATALOG_COMPILER_APPICON_NAME = AppIcon;
				ASSETCATALOG_COMPILER_GLOBAL_ACCENT_COLOR_NAME = AccentColor;
				CODE_SIGN_STYLE = Automatic;
				CURRENT_PROJECT_VERSION = 1;
				GENERATE_INFOPLIST_FILE = YES;
				INFOPLIST_FILE = WordList/Info.plist;
				INFOPLIST_KEY_UIApplicationSupportsIndirectInputEvents = YES;
				INFOPLIST_KEY_UILaunchStoryboardName = LaunchScreen;
				INFOPLIST_KEY_UIMainStoryboardFile = Main;
				INFOPLIST_KEY_UISupportedInterfaceOrientations_iPad = "UIInterfaceOrientationPortrait UIInterfaceOrientationPortraitUpsideDown UIInterfaceOrientationLandscapeLeft UIInterfaceOrientationLandscapeRight";
				INFOPLIST_KEY_UISupportedInterfaceOrientations_iPhone = "UIInterfaceOrientationPortrait UIInterfaceOrientationLandscapeLeft UIInterfaceOrientationLandscapeRight";
				LD_RUNPATH_SEARCH_PATHS = (
					"$(inherited)",
					"@executable_path/Frameworks",
				);
				MARKETING_VERSION = 1.0;
				PRODUCT_BUNDLE_IDENTIFIER = app.hamano.kemari.WordList;
				PRODUCT_NAME = "$(TARGET_NAME)";
				SWIFT_EMIT_LOC_STRINGS = YES;
				SWIFT_VERSION = 5.0;
				TARGETED_DEVICE_FAMILY = "1,2";
			};
			name = Release;
		};
/* End XCBuildConfiguration section */

/* Begin XCConfigurationList section */
		643AAEEB2A024D5B00504AC8 /* Build configuration list for PBXProject "WordList" */ = {
			isa = XCConfigurationList;
			buildConfigurations = (
				643AAF022A024D5D00504AC8 /* Debug */,
				643AAF032A024D5D00504AC8 /* Release */,
			);
			defaultConfigurationIsVisible = 0;
			defaultConfigurationName = Release;
		};
		643AAF042A024D5D00504AC8 /* Build configuration list for PBXNativeTarget "WordList" */ = {
			isa = XCConfigurationList;
			buildConfigurations = (
				643AAF052A024D5D00504AC8 /* Debug */,
				643AAF062A024D5D00504AC8 /* Release */,
			);
			defaultConfigurationIsVisible = 0;
			defaultConfigurationName = Release;
		};
/* End XCConfigurationList section */
	};
	rootObject = 643AAEE82A024D5B00504AC8 /* Project object */;
}
